// !$*UTF8*$!
{
	archiveVersion = 1;
	classes = {
	};
	objectVersion = 55;
	objects = {

/* Begin PBXBuildFile section */
		A300353027FBC5810019A052 /* AppDelegate.swift in Sources */ = {isa = PBXBuildFile; fileRef = A300352F27FBC5810019A052 /* AppDelegate.swift */; };
		A300353227FBC5810019A052 /* SceneDelegate.swift in Sources */ = {isa = PBXBuildFile; fileRef = A300353127FBC5810019A052 /* SceneDelegate.swift */; };
		A300353427FBC5810019A052 /* MainTabBarViewController.swift in Sources */ = {isa = PBXBuildFile; fileRef = A300353327FBC5810019A052 /* MainTabBarViewController.swift */; };
		A300353927FBC5820019A052 /* Assets.xcassets in Resources */ = {isa = PBXBuildFile; fileRef = A300353827FBC5820019A052 /* Assets.xcassets */; };
		A300353C27FBC5820019A052 /* LaunchScreen.storyboard in Resources */ = {isa = PBXBuildFile; fileRef = A300353A27FBC5820019A052 /* LaunchScreen.storyboard */; };
		A300354527FBD1170019A052 /* HomeViewController.swift in Sources */ = {isa = PBXBuildFile; fileRef = A300354427FBD1170019A052 /* HomeViewController.swift */; };
		A300354727FBD1420019A052 /* UpCommingViewController.swift in Sources */ = {isa = PBXBuildFile; fileRef = A300354627FBD1420019A052 /* UpCommingViewController.swift */; };
		A300354927FBD16E0019A052 /* SearchViewController.swift in Sources */ = {isa = PBXBuildFile; fileRef = A300354827FBD16E0019A052 /* SearchViewController.swift */; };
		A300354B27FBD18D0019A052 /* DownloadsViewController.swift in Sources */ = {isa = PBXBuildFile; fileRef = A300354A27FBD18D0019A052 /* DownloadsViewController.swift */; };
		A300355327FBDD050019A052 /* CollectionViewTableViewCell.swift in Sources */ = {isa = PBXBuildFile; fileRef = A300355227FBDD050019A052 /* CollectionViewTableViewCell.swift */; };
		A300355527FBE7B70019A052 /* HeroHeaderUIView.swift in Sources */ = {isa = PBXBuildFile; fileRef = A300355427FBE7B70019A052 /* HeroHeaderUIView.swift */; };
		A300355727FC2B040019A052 /* APICaller.swift in Sources */ = {isa = PBXBuildFile; fileRef = A300355627FC2B040019A052 /* APICaller.swift */; };
		A30267472803B9E4008155B0 /* DataPersistantManager.swift in Sources */ = {isa = PBXBuildFile; fileRef = A30267462803B9E4008155B0 /* DataPersistantManager.swift */; };
		A31D312528033EA200E17D72 /* YoutubeSearchResponse.swift in Sources */ = {isa = PBXBuildFile; fileRef = A31D312428033EA200E17D72 /* YoutubeSearchResponse.swift */; };
		A31D31272803413900E17D72 /* TitlePreviewViewController.swift in Sources */ = {isa = PBXBuildFile; fileRef = A31D31262803413900E17D72 /* TitlePreviewViewController.swift */; };
		A31D3129280345C100E17D72 /* TitlePreviewViewModel.swift in Sources */ = {isa = PBXBuildFile; fileRef = A31D3128280345C100E17D72 /* TitlePreviewViewModel.swift */; };
		A31D314F2803B0AD00E17D72 /* NetflixCloneModel.xcdatamodeld in Sources */ = {isa = PBXBuildFile; fileRef = A31D314D2803B0AD00E17D72 /* NetflixCloneModel.xcdatamodeld */; };
		A3C174EE27FD05D20014EB5A /* Extensions.swift in Sources */ = {isa = PBXBuildFile; fileRef = A3C174ED27FD05D20014EB5A /* Extensions.swift */; };
		A3C174F027FD0ADB0014EB5A /* Titles.swift in Sources */ = {isa = PBXBuildFile; fileRef = A3C174EF27FD0ADB0014EB5A /* Titles.swift */; };
		A3C174F227FD26A20014EB5A /* TitleCollectionViewCell.swift in Sources */ = {isa = PBXBuildFile; fileRef = A3C174F127FD26A20014EB5A /* TitleCollectionViewCell.swift */; };
		A3C174F527FD2E0F0014EB5A /* SDWebImage in Frameworks */ = {isa = PBXBuildFile; productRef = A3C174F427FD2E0F0014EB5A /* SDWebImage */; };
		A3C174F727FD2E0F0014EB5A /* SDWebImageMapKit in Frameworks */ = {isa = PBXBuildFile; productRef = A3C174F627FD2E0F0014EB5A /* SDWebImageMapKit */; };
		A3DF161D280633AF00A53F4D /* Lottie in Frameworks */ = {isa = PBXBuildFile; productRef = A3DF161C280633AF00A53F4D /* Lottie */; };
		A3DF161F2806348E00A53F4D /* TitleDownloadTableViewCell.swift in Sources */ = {isa = PBXBuildFile; fileRef = A3DF161E2806348E00A53F4D /* TitleDownloadTableViewCell.swift */; };
		A3DF1624280637FC00A53F4D /* download.json in Resources */ = {isa = PBXBuildFile; fileRef = A3DF1623280637FC00A53F4D /* download.json */; };
		A3DF162828063C0600A53F4D /* done.json in Resources */ = {isa = PBXBuildFile; fileRef = A3DF162728063C0600A53F4D /* done.json */; };
		A3FB047127FDFC91003E7EE1 /* TitleTableViewCell.swift in Sources */ = {isa = PBXBuildFile; fileRef = A3FB047027FDFC90003E7EE1 /* TitleTableViewCell.swift */; };
		A3FB047327FE50F2003E7EE1 /* TitleViewModel.swift in Sources */ = {isa = PBXBuildFile; fileRef = A3FB047227FE50F2003E7EE1 /* TitleViewModel.swift */; };
		A3FB047527FE9150003E7EE1 /* SearchResultsViewController.swift in Sources */ = {isa = PBXBuildFile; fileRef = A3FB047427FE9150003E7EE1 /* SearchResultsViewController.swift */; };
/* End PBXBuildFile section */

/* Begin PBXFileReference section */
		A300352C27FBC5810019A052 /* Netflix Clone.app */ = {isa = PBXFileReference; explicitFileType = wrapper.application; includeInIndex = 0; path = "Netflix Clone.app"; sourceTree = BUILT_PRODUCTS_DIR; };
		A300352F27FBC5810019A052 /* AppDelegate.swift */ = {isa = PBXFileReference; lastKnownFileType = sourcecode.swift; path = AppDelegate.swift; sourceTree = "<group>"; };
		A300353127FBC5810019A052 /* SceneDelegate.swift */ = {isa = PBXFileReference; lastKnownFileType = sourcecode.swift; path = SceneDelegate.swift; sourceTree = "<group>"; };
		A300353327FBC5810019A052 /* MainTabBarViewController.swift */ = {isa = PBXFileReference; lastKnownFileType = sourcecode.swift; path = MainTabBarViewController.swift; sourceTree = "<group>"; };
		A300353827FBC5820019A052 /* Assets.xcassets */ = {isa = PBXFileReference; lastKnownFileType = folder.assetcatalog; path = Assets.xcassets; sourceTree = "<group>"; };
		A300353B27FBC5820019A052 /* Base */ = {isa = PBXFileReference; lastKnownFileType = file.storyboard; name = Base; path = Base.lproj/LaunchScreen.storyboard; sourceTree = "<group>"; };
		A300353D27FBC5820019A052 /* Info.plist */ = {isa = PBXFileReference; lastKnownFileType = text.plist.xml; path = Info.plist; sourceTree = "<group>"; };
		A300354427FBD1170019A052 /* HomeViewController.swift */ = {isa = PBXFileReference; lastKnownFileType = sourcecode.swift; path = HomeViewController.swift; sourceTree = "<group>"; };
		A300354627FBD1420019A052 /* UpCommingViewController.swift */ = {isa = PBXFileReference; lastKnownFileType = sourcecode.swift; path = UpCommingViewController.swift; sourceTree = "<group>"; };
		A300354827FBD16E0019A052 /* SearchViewController.swift */ = {isa = PBXFileReference; lastKnownFileType = sourcecode.swift; path = SearchViewController.swift; sourceTree = "<group>"; };
		A300354A27FBD18D0019A052 /* DownloadsViewController.swift */ = {isa = PBXFileReference; lastKnownFileType = sourcecode.swift; path = DownloadsViewController.swift; sourceTree = "<group>"; };
		A300355227FBDD050019A052 /* CollectionViewTableViewCell.swift */ = {isa = PBXFileReference; lastKnownFileType = sourcecode.swift; path = CollectionViewTableViewCell.swift; sourceTree = "<group>"; };
		A300355427FBE7B70019A052 /* HeroHeaderUIView.swift */ = {isa = PBXFileReference; lastKnownFileType = sourcecode.swift; path = HeroHeaderUIView.swift; sourceTree = "<group>"; };
		A300355627FC2B040019A052 /* APICaller.swift */ = {isa = PBXFileReference; lastKnownFileType = sourcecode.swift; path = APICaller.swift; sourceTree = "<group>"; };
		A30267462803B9E4008155B0 /* DataPersistantManager.swift */ = {isa = PBXFileReference; lastKnownFileType = sourcecode.swift; path = DataPersistantManager.swift; sourceTree = "<group>"; };
		A31D312428033EA200E17D72 /* YoutubeSearchResponse.swift */ = {isa = PBXFileReference; lastKnownFileType = sourcecode.swift; path = YoutubeSearchResponse.swift; sourceTree = "<group>"; };
		A31D31262803413900E17D72 /* TitlePreviewViewController.swift */ = {isa = PBXFileReference; lastKnownFileType = sourcecode.swift; name = TitlePreviewViewController.swift; path = "Netflix Clone/Controllers/TitlePreviewViewController.swift"; sourceTree = SOURCE_ROOT; };
		A31D3128280345C100E17D72 /* TitlePreviewViewModel.swift */ = {isa = PBXFileReference; lastKnownFileType = sourcecode.swift; path = TitlePreviewViewModel.swift; sourceTree = "<group>"; };
		A31D314E2803B0AD00E17D72 /* NetflixCloneModel.xcdatamodel */ = {isa = PBXFileReference; lastKnownFileType = wrapper.xcdatamodel; path = NetflixCloneModel.xcdatamodel; sourceTree = "<group>"; };
		A3C174ED27FD05D20014EB5A /* Extensions.swift */ = {isa = PBXFileReference; lastKnownFileType = sourcecode.swift; path = Extensions.swift; sourceTree = "<group>"; };
		A3C174EF27FD0ADB0014EB5A /* Titles.swift */ = {isa = PBXFileReference; lastKnownFileType = sourcecode.swift; path = Titles.swift; sourceTree = "<group>"; };
		A3C174F127FD26A20014EB5A /* TitleCollectionViewCell.swift */ = {isa = PBXFileReference; lastKnownFileType = sourcecode.swift; path = TitleCollectionViewCell.swift; sourceTree = "<group>"; };
		A3DF161E2806348E00A53F4D /* TitleDownloadTableViewCell.swift */ = {isa = PBXFileReference; lastKnownFileType = sourcecode.swift; path = TitleDownloadTableViewCell.swift; sourceTree = "<group>"; };
		A3DF1623280637FC00A53F4D /* download.json */ = {isa = PBXFileReference; fileEncoding = 4; lastKnownFileType = text.json; path = download.json; sourceTree = "<group>"; };
		A3DF162728063C0600A53F4D /* done.json */ = {isa = PBXFileReference; fileEncoding = 4; lastKnownFileType = text.json; path = done.json; sourceTree = "<group>"; };
		A3FB047027FDFC90003E7EE1 /* TitleTableViewCell.swift */ = {isa = PBXFileReference; lastKnownFileType = sourcecode.swift; path = TitleTableViewCell.swift; sourceTree = "<group>"; };
		A3FB047227FE50F2003E7EE1 /* TitleViewModel.swift */ = {isa = PBXFileReference; lastKnownFileType = sourcecode.swift; path = TitleViewModel.swift; sourceTree = "<group>"; };
		A3FB047427FE9150003E7EE1 /* SearchResultsViewController.swift */ = {isa = PBXFileReference; lastKnownFileType = sourcecode.swift; path = SearchResultsViewController.swift; sourceTree = "<group>"; };
/* End PBXFileReference section */

/* Begin PBXFrameworksBuildPhase section */
		A300352927FBC5810019A052 /* Frameworks */ = {
			isa = PBXFrameworksBuildPhase;
			buildActionMask = 2147483647;
			files = (
				A3C174F727FD2E0F0014EB5A /* SDWebImageMapKit in Frameworks */,
				A3C174F527FD2E0F0014EB5A /* SDWebImage in Frameworks */,
				A3DF161D280633AF00A53F4D /* Lottie in Frameworks */,
			);
			runOnlyForDeploymentPostprocessing = 0;
		};
/* End PBXFrameworksBuildPhase section */

/* Begin PBXGroup section */
		A300352327FBC5810019A052 = {
			isa = PBXGroup;
			children = (
				A300352E27FBC5810019A052 /* Netflix Clone */,
				A300352D27FBC5810019A052 /* Products */,
			);
			sourceTree = "<group>";
		};
		A300352D27FBC5810019A052 /* Products */ = {
			isa = PBXGroup;
			children = (
				A300352C27FBC5810019A052 /* Netflix Clone.app */,
			);
			name = Products;
			sourceTree = "<group>";
		};
		A300352E27FBC5810019A052 /* Netflix Clone */ = {
			isa = PBXGroup;
			children = (
				A300355127FBDCDE0019A052 /* Managers */,
				A300355027FBDCD50019A052 /* Resources */,
				A300354F27FBDC680019A052 /* Models */,
				A300354E27FBDC480019A052 /* ViewModels */,
				A300354C27FBDC380019A052 /* Views */,
				A300354327FBD0F90019A052 /* Controllers */,
				A300353827FBC5820019A052 /* Assets.xcassets */,
				A300353A27FBC5820019A052 /* LaunchScreen.storyboard */,
				A300353D27FBC5820019A052 /* Info.plist */,
				A31D314D2803B0AD00E17D72 /* NetflixCloneModel.xcdatamodeld */,
			);
			path = "Netflix Clone";
			sourceTree = "<group>";
		};
		A300354327FBD0F90019A052 /* Controllers */ = {
			isa = PBXGroup;
			children = (
				A3FB047727FE916F003E7EE1 /* General */,
				A3FB047627FE915C003E7EE1 /* Core */,
			);
			path = Controllers;
			sourceTree = "<group>";
		};
		A300354C27FBDC380019A052 /* Views */ = {
			isa = PBXGroup;
			children = (
				A3DF16202806355000A53F4D /* Animation JSON */,
				A300355227FBDD050019A052 /* CollectionViewTableViewCell.swift */,
				A300355427FBE7B70019A052 /* HeroHeaderUIView.swift */,
				A3C174F127FD26A20014EB5A /* TitleCollectionViewCell.swift */,
				A3FB047027FDFC90003E7EE1 /* TitleTableViewCell.swift */,
				A3DF161E2806348E00A53F4D /* TitleDownloadTableViewCell.swift */,
			);
			path = Views;
			sourceTree = "<group>";
		};
		A300354E27FBDC480019A052 /* ViewModels */ = {
			isa = PBXGroup;
			children = (
				A3FB047227FE50F2003E7EE1 /* TitleViewModel.swift */,
				A31D3128280345C100E17D72 /* TitlePreviewViewModel.swift */,
			);
			path = ViewModels;
			sourceTree = "<group>";
		};
		A300354F27FBDC680019A052 /* Models */ = {
			isa = PBXGroup;
			children = (
				A3C174EF27FD0ADB0014EB5A /* Titles.swift */,
				A31D312428033EA200E17D72 /* YoutubeSearchResponse.swift */,
			);
			path = Models;
			sourceTree = "<group>";
		};
		A300355027FBDCD50019A052 /* Resources */ = {
			isa = PBXGroup;
			children = (
				A3C174ED27FD05D20014EB5A /* Extensions.swift */,
				A300353127FBC5810019A052 /* SceneDelegate.swift */,
				A300352F27FBC5810019A052 /* AppDelegate.swift */,
			);
			path = Resources;
			sourceTree = "<group>";
		};
		A300355127FBDCDE0019A052 /* Managers */ = {
			isa = PBXGroup;
			children = (
				A300355627FC2B040019A052 /* APICaller.swift */,
				A30267462803B9E4008155B0 /* DataPersistantManager.swift */,
			);
			path = Managers;
			sourceTree = "<group>";
		};
		A3DF16202806355000A53F4D /* Animation JSON */ = {
			isa = PBXGroup;
			children = (
				A3DF162728063C0600A53F4D /* done.json */,
				A3DF1623280637FC00A53F4D /* download.json */,
			);
			path = "Animation JSON";
			sourceTree = "<group>";
		};
		A3FB047627FE915C003E7EE1 /* Core */ = {
			isa = PBXGroup;
			children = (
				A300353327FBC5810019A052 /* MainTabBarViewController.swift */,
				A300354427FBD1170019A052 /* HomeViewController.swift */,
				A300354627FBD1420019A052 /* UpCommingViewController.swift */,
				A300354827FBD16E0019A052 /* SearchViewController.swift */,
				A300354A27FBD18D0019A052 /* DownloadsViewController.swift */,
			);
			path = Core;
			sourceTree = "<group>";
		};
		A3FB047727FE916F003E7EE1 /* General */ = {
			isa = PBXGroup;
			children = (
				A3FB047427FE9150003E7EE1 /* SearchResultsViewController.swift */,
				A31D31262803413900E17D72 /* TitlePreviewViewController.swift */,
			);
			path = General;
			sourceTree = "<group>";
		};
/* End PBXGroup section */

/* Begin PBXNativeTarget section */
		A300352B27FBC5810019A052 /* Netflix Clone */ = {
			isa = PBXNativeTarget;
			buildConfigurationList = A300354027FBC5820019A052 /* Build configuration list for PBXNativeTarget "Netflix Clone" */;
			buildPhases = (
				A300352827FBC5810019A052 /* Sources */,
				A300352927FBC5810019A052 /* Frameworks */,
				A300352A27FBC5810019A052 /* Resources */,
			);
			buildRules = (
			);
			dependencies = (
			);
			name = "Netflix Clone";
			packageProductDependencies = (
				A3C174F427FD2E0F0014EB5A /* SDWebImage */,
				A3C174F627FD2E0F0014EB5A /* SDWebImageMapKit */,
				A3DF161C280633AF00A53F4D /* Lottie */,
			);
			productName = "Netflix Clone";
			productReference = A300352C27FBC5810019A052 /* Netflix Clone.app */;
			productType = "com.apple.product-type.application";
		};
/* End PBXNativeTarget section */

/* Begin PBXProject section */
		A300352427FBC5810019A052 /* Project object */ = {
			isa = PBXProject;
			attributes = {
				BuildIndependentTargetsInParallel = 1;
				LastSwiftUpdateCheck = 1320;
				LastUpgradeCheck = 1320;
				TargetAttributes = {
					A300352B27FBC5810019A052 = {
						CreatedOnToolsVersion = 13.2.1;
					};
				};
			};
			buildConfigurationList = A300352727FBC5810019A052 /* Build configuration list for PBXProject "Netflix Clone" */;
			compatibilityVersion = "Xcode 13.0";
			developmentRegion = en;
			hasScannedForEncodings = 0;
			knownRegions = (
				en,
				Base,
			);
			mainGroup = A300352327FBC5810019A052;
			packageReferences = (
				A3C174F327FD2E0F0014EB5A /* XCRemoteSwiftPackageReference "SDWebImage" */,
				A3DF161B280633AE00A53F4D /* XCRemoteSwiftPackageReference "lottie-ios" */,
			);
			productRefGroup = A300352D27FBC5810019A052 /* Products */;
			projectDirPath = "";
			projectRoot = "";
			targets = (
				A300352B27FBC5810019A052 /* Netflix Clone */,
			);
		};
/* End PBXProject section */

/* Begin PBXResourcesBuildPhase section */
		A300352A27FBC5810019A052 /* Resources */ = {
			isa = PBXResourcesBuildPhase;
			buildActionMask = 2147483647;
			files = (
				A300353C27FBC5820019A052 /* LaunchScreen.storyboard in Resources */,
				A300353927FBC5820019A052 /* Assets.xcassets in Resources */,
				A3DF1624280637FC00A53F4D /* download.json in Resources */,
				A3DF162828063C0600A53F4D /* done.json in Resources */,
			);
			runOnlyForDeploymentPostprocessing = 0;
		};
/* End PBXResourcesBuildPhase section */

/* Begin PBXSourcesBuildPhase section */
		A300352827FBC5810019A052 /* Sources */ = {
			isa = PBXSourcesBuildPhase;
			buildActionMask = 2147483647;
			files = (
				A300354927FBD16E0019A052 /* SearchViewController.swift in Sources */,
				A3C174F227FD26A20014EB5A /* TitleCollectionViewCell.swift in Sources */,
				A300353427FBC5810019A052 /* MainTabBarViewController.swift in Sources */,
				A3FB047127FDFC91003E7EE1 /* TitleTableViewCell.swift in Sources */,
				A300355327FBDD050019A052 /* CollectionViewTableViewCell.swift in Sources */,
				A300355727FC2B040019A052 /* APICaller.swift in Sources */,
				A3DF161F2806348E00A53F4D /* TitleDownloadTableViewCell.swift in Sources */,
				A31D314F2803B0AD00E17D72 /* NetflixCloneModel.xcdatamodeld in Sources */,
				A300355527FBE7B70019A052 /* HeroHeaderUIView.swift in Sources */,
				A300354B27FBD18D0019A052 /* DownloadsViewController.swift in Sources */,
				A300354727FBD1420019A052 /* UpCommingViewController.swift in Sources */,
				A3FB047527FE9150003E7EE1 /* SearchResultsViewController.swift in Sources */,
				A30267472803B9E4008155B0 /* DataPersistantManager.swift in Sources */,
				A3C174EE27FD05D20014EB5A /* Extensions.swift in Sources */,
				A31D312528033EA200E17D72 /* YoutubeSearchResponse.swift in Sources */,
				A300353027FBC5810019A052 /* AppDelegate.swift in Sources */,
				A31D3129280345C100E17D72 /* TitlePreviewViewModel.swift in Sources */,
				A300353227FBC5810019A052 /* SceneDelegate.swift in Sources */,
				A31D31272803413900E17D72 /* TitlePreviewViewController.swift in Sources */,
				A3C174F027FD0ADB0014EB5A /* Titles.swift in Sources */,
				A300354527FBD1170019A052 /* HomeViewController.swift in Sources */,
				A3FB047327FE50F2003E7EE1 /* TitleViewModel.swift in Sources */,
			);
			runOnlyForDeploymentPostprocessing = 0;
		};
/* End PBXSourcesBuildPhase section */

/* Begin PBXVariantGroup section */
		A300353A27FBC5820019A052 /* LaunchScreen.storyboard */ = {
			isa = PBXVariantGroup;
			children = (
				A300353B27FBC5820019A052 /* Base */,
			);
			name = LaunchScreen.storyboard;
			sourceTree = "<group>";
		};
/* End PBXVariantGroup section */

/* Begin XCBuildConfiguration section */
		A300353E27FBC5820019A052 /* Debug */ = {
			isa = XCBuildConfiguration;
			buildSettings = {
				ALWAYS_SEARCH_USER_PATHS = NO;
				CLANG_ANALYZER_NONNULL = YES;
				CLANG_ANALYZER_NUMBER_OBJECT_CONVERSION = YES_AGGRESSIVE;
				CLANG_CXX_LANGUAGE_STANDARD = "gnu++17";
				CLANG_CXX_LIBRARY = "libc++";
				CLANG_ENABLE_MODULES = YES;
				CLANG_ENABLE_OBJC_ARC = YES;
				CLANG_ENABLE_OBJC_WEAK = YES;
				CLANG_WARN_BLOCK_CAPTURE_AUTORELEASING = YES;
				CLANG_WARN_BOOL_CONVERSION = YES;
				CLANG_WARN_COMMA = YES;
				CLANG_WARN_CONSTANT_CONVERSION = YES;
				CLANG_WARN_DEPRECATED_OBJC_IMPLEMENTATIONS = YES;
				CLANG_WARN_DIRECT_OBJC_ISA_USAGE = YES_ERROR;
				CLANG_WARN_DOCUMENTATION_COMMENTS = YES;
				CLANG_WARN_EMPTY_BODY = YES;
				CLANG_WARN_ENUM_CONVERSION = YES;
				CLANG_WARN_INFINITE_RECURSION = YES;
				CLANG_WARN_INT_CONVERSION = YES;
				CLANG_WARN_NON_LITERAL_NULL_CONVERSION = YES;
				CLANG_WARN_OBJC_IMPLICIT_RETAIN_SELF = YES;
				CLANG_WARN_OBJC_LITERAL_CONVERSION = YES;
				CLANG_WARN_OBJC_ROOT_CLASS = YES_ERROR;
				CLANG_WARN_QUOTED_INCLUDE_IN_FRAMEWORK_HEADER = YES;
				CLANG_WARN_RANGE_LOOP_ANALYSIS = YES;
				CLANG_WARN_STRICT_PROTOTYPES = YES;
				CLANG_WARN_SUSPICIOUS_MOVE = YES;
				CLANG_WARN_UNGUARDED_AVAILABILITY = YES_AGGRESSIVE;
				CLANG_WARN_UNREACHABLE_CODE = YES;
				CLANG_WARN__DUPLICATE_METHOD_MATCH = YES;
				COPY_PHASE_STRIP = NO;
				DEBUG_INFORMATION_FORMAT = dwarf;
				ENABLE_STRICT_OBJC_MSGSEND = YES;
				ENABLE_TESTABILITY = YES;
				GCC_C_LANGUAGE_STANDARD = gnu11;
				GCC_DYNAMIC_NO_PIC = NO;
				GCC_NO_COMMON_BLOCKS = YES;
				GCC_OPTIMIZATION_LEVEL = 0;
				GCC_PREPROCESSOR_DEFINITIONS = (
					"DEBUG=1",
					"$(inherited)",
				);
				GCC_WARN_64_TO_32_BIT_CONVERSION = YES;
				GCC_WARN_ABOUT_RETURN_TYPE = YES_ERROR;
				GCC_WARN_UNDECLARED_SELECTOR = YES;
				GCC_WARN_UNINITIALIZED_AUTOS = YES_AGGRESSIVE;
				GCC_WARN_UNUSED_FUNCTION = YES;
				GCC_WARN_UNUSED_VARIABLE = YES;
				IPHONEOS_DEPLOYMENT_TARGET = 15.2;
				MTL_ENABLE_DEBUG_INFO = INCLUDE_SOURCE;
				MTL_FAST_MATH = YES;
				ONLY_ACTIVE_ARCH = YES;
				SDKROOT = iphoneos;
				SWIFT_ACTIVE_COMPILATION_CONDITIONS = DEBUG;
				SWIFT_OPTIMIZATION_LEVEL = "-Onone";
			};
			name = Debug;
		};
		A300353F27FBC5820019A052 /* Release */ = {
			isa = XCBuildConfiguration;
			buildSettings = {
				ALWAYS_SEARCH_USER_PATHS = NO;
				CLANG_ANALYZER_NONNULL = YES;
				CLANG_ANALYZER_NUMBER_OBJECT_CONVERSION = YES_AGGRESSIVE;
				CLANG_CXX_LANGUAGE_STANDARD = "gnu++17";
				CLANG_CXX_LIBRARY = "libc++";
				CLANG_ENABLE_MODULES = YES;
				CLANG_ENABLE_OBJC_ARC = YES;
				CLANG_ENABLE_OBJC_WEAK = YES;
				CLANG_WARN_BLOCK_CAPTURE_AUTORELEASING = YES;
				CLANG_WARN_BOOL_CONVERSION = YES;
				CLANG_WARN_COMMA = YES;
				CLANG_WARN_CONSTANT_CONVERSION = YES;
				CLANG_WARN_DEPRECATED_OBJC_IMPLEMENTATIONS = YES;
				CLANG_WARN_DIRECT_OBJC_ISA_USAGE = YES_ERROR;
				CLANG_WARN_DOCUMENTATION_COMMENTS = YES;
				CLANG_WARN_EMPTY_BODY = YES;
				CLANG_WARN_ENUM_CONVERSION = YES;
				CLANG_WARN_INFINITE_RECURSION = YES;
				CLANG_WARN_INT_CONVERSION = YES;
				CLANG_WARN_NON_LITERAL_NULL_CONVERSION = YES;
				CLANG_WARN_OBJC_IMPLICIT_RETAIN_SELF = YES;
				CLANG_WARN_OBJC_LITERAL_CONVERSION = YES;
				CLANG_WARN_OBJC_ROOT_CLASS = YES_ERROR;
				CLANG_WARN_QUOTED_INCLUDE_IN_FRAMEWORK_HEADER = YES;
				CLANG_WARN_RANGE_LOOP_ANALYSIS = YES;
				CLANG_WARN_STRICT_PROTOTYPES = YES;
				CLANG_WARN_SUSPICIOUS_MOVE = YES;
				CLANG_WARN_UNGUARDED_AVAILABILITY = YES_AGGRESSIVE;
				CLANG_WARN_UNREACHABLE_CODE = YES;
				CLANG_WARN__DUPLICATE_METHOD_MATCH = YES;
				COPY_PHASE_STRIP = NO;
				DEBUG_INFORMATION_FORMAT = "dwarf-with-dsym";
				ENABLE_NS_ASSERTIONS = NO;
				ENABLE_STRICT_OBJC_MSGSEND = YES;
				GCC_C_LANGUAGE_STANDARD = gnu11;
				GCC_NO_COMMON_BLOCKS = YES;
				GCC_WARN_64_TO_32_BIT_CONVERSION = YES;
				GCC_WARN_ABOUT_RETURN_TYPE = YES_ERROR;
				GCC_WARN_UNDECLARED_SELECTOR = YES;
				GCC_WARN_UNINITIALIZED_AUTOS = YES_AGGRESSIVE;
				GCC_WARN_UNUSED_FUNCTION = YES;
				GCC_WARN_UNUSED_VARIABLE = YES;
				IPHONEOS_DEPLOYMENT_TARGET = 15.2;
				MTL_ENABLE_DEBUG_INFO = NO;
				MTL_FAST_MATH = YES;
				SDKROOT = iphoneos;
				SWIFT_COMPILATION_MODE = wholemodule;
				SWIFT_OPTIMIZATION_LEVEL = "-O";
				VALIDATE_PRODUCT = YES;
			};
			name = Release;
		};
		A300354127FBC5820019A052 /* Debug */ = {
			isa = XCBuildConfiguration;
			buildSettings = {
				ASSETCATALOG_COMPILER_APPICON_NAME = AppIcon;
				ASSETCATALOG_COMPILER_GLOBAL_ACCENT_COLOR_NAME = AccentColor;
				CODE_SIGN_STYLE = Automatic;
				CURRENT_PROJECT_VERSION = 1;
				DEVELOPMENT_TEAM = X7FBND7W68;
				GENERATE_INFOPLIST_FILE = YES;
				INFOPLIST_FILE = "Netflix Clone/Info.plist";
				INFOPLIST_KEY_UIApplicationSupportsIndirectInputEvents = YES;
				INFOPLIST_KEY_UILaunchStoryboardName = LaunchScreen;
				INFOPLIST_KEY_UISupportedInterfaceOrientations_iPad = "UIInterfaceOrientationPortrait UIInterfaceOrientationPortraitUpsideDown UIInterfaceOrientationLandscapeLeft UIInterfaceOrientationLandscapeRight";
				INFOPLIST_KEY_UISupportedInterfaceOrientations_iPhone = "UIInterfaceOrientationPortrait UIInterfaceOrientationLandscapeLeft UIInterfaceOrientationLandscapeRight";
				LD_RUNPATH_SEARCH_PATHS = (
					"$(inherited)",
					"@executable_path/Frameworks",
				);
				MARKETING_VERSION = 1.0;
				PRODUCT_BUNDLE_IDENTIFIER = "com.Joseph.Netflix-Clone";
				PRODUCT_NAME = "$(TARGET_NAME)";
				SWIFT_EMIT_LOC_STRINGS = YES;
				SWIFT_VERSION = 5.0;
				TARGETED_DEVICE_FAMILY = "1,2";
			};
			name = Debug;
		};
		A300354227FBC5820019A052 /* Release */ = {
			isa = XCBuildConfiguration;
			buildSettings = {
				ASSETCATALOG_COMPILER_APPICON_NAME = AppIcon;
				ASSETCATALOG_COMPILER_GLOBAL_ACCENT_COLOR_NAME = AccentColor;
				CODE_SIGN_STYLE = Automatic;
				CURRENT_PROJECT_VERSION = 1;
				DEVELOPMENT_TEAM = X7FBND7W68;
				GENERATE_INFOPLIST_FILE = YES;
				INFOPLIST_FILE = "Netflix Clone/Info.plist";
				INFOPLIST_KEY_UIApplicationSupportsIndirectInputEvents = YES;
				INFOPLIST_KEY_UILaunchStoryboardName = LaunchScreen;
				INFOPLIST_KEY_UISupportedInterfaceOrientations_iPad = "UIInterfaceOrientationPortrait UIInterfaceOrientationPortraitUpsideDown UIInterfaceOrientationLandscapeLeft UIInterfaceOrientationLandscapeRight";
				INFOPLIST_KEY_UISupportedInterfaceOrientations_iPhone = "UIInterfaceOrientationPortrait UIInterfaceOrientationLandscapeLeft UIInterfaceOrientationLandscapeRight";
				LD_RUNPATH_SEARCH_PATHS = (
					"$(inherited)",
					"@executable_path/Frameworks",
				);
				MARKETING_VERSION = 1.0;
				PRODUCT_BUNDLE_IDENTIFIER = "com.Joseph.Netflix-Clone";
				PRODUCT_NAME = "$(TARGET_NAME)";
				SWIFT_EMIT_LOC_STRINGS = YES;
				SWIFT_VERSION = 5.0;
				TARGETED_DEVICE_FAMILY = "1,2";
			};
			name = Release;
		};
/* End XCBuildConfiguration section */

/* Begin XCConfigurationList section */
		A300352727FBC5810019A052 /* Build configuration list for PBXProject "Netflix Clone" */ = {
			isa = XCConfigurationList;
			buildConfigurations = (
				A300353E27FBC5820019A052 /* Debug */,
				A300353F27FBC5820019A052 /* Release */,
			);
			defaultConfigurationIsVisible = 0;
			defaultConfigurationName = Release;
		};
		A300354027FBC5820019A052 /* Build configuration list for PBXNativeTarget "Netflix Clone" */ = {
			isa = XCConfigurationList;
			buildConfigurations = (
				A300354127FBC5820019A052 /* Debug */,
				A300354227FBC5820019A052 /* Release */,
			);
			defaultConfigurationIsVisible = 0;
			defaultConfigurationName = Release;
		};
/* End XCConfigurationList section */

/* Begin XCRemoteSwiftPackageReference section */
		A3C174F327FD2E0F0014EB5A /* XCRemoteSwiftPackageReference "SDWebImage" */ = {
			isa = XCRemoteSwiftPackageReference;
			repositoryURL = "https://github.com/SDWebImage/SDWebImage.git";
			requirement = {
				kind = upToNextMajorVersion;
				minimumVersion = 5.0.0;
			};
		};
		A3DF161B280633AE00A53F4D /* XCRemoteSwiftPackageReference "lottie-ios" */ = {
			isa = XCRemoteSwiftPackageReference;
			repositoryURL = "https://github.com/airbnb/lottie-ios.git";
			requirement = {
				kind = upToNextMajorVersion;
				minimumVersion = 3.0.0;
			};
		};
/* End XCRemoteSwiftPackageReference section */

/* Begin XCSwiftPackageProductDependency section */
		A3C174F427FD2E0F0014EB5A /* SDWebImage */ = {
			isa = XCSwiftPackageProductDependency;
			package = A3C174F327FD2E0F0014EB5A /* XCRemoteSwiftPackageReference "SDWebImage" */;
			productName = SDWebImage;
		};
		A3C174F627FD2E0F0014EB5A /* SDWebImageMapKit */ = {
			isa = XCSwiftPackageProductDependency;
			package = A3C174F327FD2E0F0014EB5A /* XCRemoteSwiftPackageReference "SDWebImage" */;
			productName = SDWebImageMapKit;
		};
		A3DF161C280633AF00A53F4D /* Lottie */ = {
			isa = XCSwiftPackageProductDependency;
			package = A3DF161B280633AE00A53F4D /* XCRemoteSwiftPackageReference "lottie-ios" */;
			productName = Lottie;
		};
/* End XCSwiftPackageProductDependency section */

/* Begin XCVersionGroup section */
		A31D314D2803B0AD00E17D72 /* NetflixCloneModel.xcdatamodeld */ = {
			isa = XCVersionGroup;
			children = (
				A31D314E2803B0AD00E17D72 /* NetflixCloneModel.xcdatamodel */,
			);
			currentVersion = A31D314E2803B0AD00E17D72 /* NetflixCloneModel.xcdatamodel */;
			path = NetflixCloneModel.xcdatamodeld;
			sourceTree = "<group>";
			versionGroupType = wrapper.xcdatamodel;
		};
/* End XCVersionGroup section */
	};
	rootObject = A300352427FBC5810019A052 /* Project object */;
}
